// !$*UTF8*$!
{
	archiveVersion = 1;
	classes = {
	};
	objectVersion = 46;
	objects = {

/* Begin PBXBuildFile section */
		C5253A6719F2BCCF0082D339 /* appGlobals.m in Sources */ = {isa = PBXBuildFile; fileRef = C5253A6619F2BCCF0082D339 /* appGlobals.m */; };
		C5253A6B19F2CCFE0082D339 /* libsqlite3.dylib in Frameworks */ = {isa = PBXBuildFile; fileRef = C5253A6A19F2CCFE0082D339 /* libsqlite3.dylib */; };
		C5253A6D19F2D1DF0082D339 /* database.sqlite in Resources */ = {isa = PBXBuildFile; fileRef = C5253A6C19F2D1DF0082D339 /* database.sqlite */; };
		C5253A7019F2D26B0082D339 /* InitialLoadViewController.m in Sources */ = {isa = PBXBuildFile; fileRef = C5253A6F19F2D26B0082D339 /* InitialLoadViewController.m */; };
		C574D0C119F2BC3400134608 /* main.m in Sources */ = {isa = PBXBuildFile; fileRef = C574D0C019F2BC3400134608 /* main.m */; };
		C574D0C419F2BC3400134608 /* AppDelegate.m in Sources */ = {isa = PBXBuildFile; fileRef = C574D0C319F2BC3400134608 /* AppDelegate.m */; };
		C574D0C719F2BC3400134608 /* EnterInfoViewController.m in Sources */ = {isa = PBXBuildFile; fileRef = C574D0C619F2BC3400134608 /* EnterInfoViewController.m */; };
		C574D0CA19F2BC3400134608 /* Main.storyboard in Resources */ = {isa = PBXBuildFile; fileRef = C574D0C819F2BC3400134608 /* Main.storyboard */; };
		C574D0CC19F2BC3400134608 /* Images.xcassets in Resources */ = {isa = PBXBuildFile; fileRef = C574D0CB19F2BC3400134608 /* Images.xcassets */; };
		C574D0CF19F2BC3400134608 /* LaunchScreen.xib in Resources */ = {isa = PBXBuildFile; fileRef = C574D0CD19F2BC3400134608 /* LaunchScreen.xib */; };
		C574D0DB19F2BC3400134608 /* otwTests.m in Sources */ = {isa = PBXBuildFile; fileRef = C574D0DA19F2BC3400134608 /* otwTests.m */; };
/* End PBXBuildFile section */

/* Begin PBXContainerItemProxy section */
		C574D0D519F2BC3400134608 /* PBXContainerItemProxy */ = {
			isa = PBXContainerItemProxy;
			containerPortal = C574D0B319F2BC3400134608 /* Project object */;
			proxyType = 1;
			remoteGlobalIDString = C574D0BA19F2BC3400134608;
			remoteInfo = otw;
		};
/* End PBXContainerItemProxy section */

/* Begin PBXFileReference section */
		C5253A6519F2BCCF0082D339 /* appGlobals.h */ = {isa = PBXFileReference; fileEncoding = 4; lastKnownFileType = sourcecode.c.h; path = appGlobals.h; sourceTree = "<group>"; };
		C5253A6619F2BCCF0082D339 /* appGlobals.m */ = {isa = PBXFileReference; fileEncoding = 4; lastKnownFileType = sourcecode.c.objc; path = appGlobals.m; sourceTree = "<group>"; };
		C5253A6A19F2CCFE0082D339 /* libsqlite3.dylib */ = {isa = PBXFileReference; lastKnownFileType = "compiled.mach-o.dylib"; name = libsqlite3.dylib; path = usr/lib/libsqlite3.dylib; sourceTree = SDKROOT; };
		C5253A6C19F2D1DF0082D339 /* database.sqlite */ = {isa = PBXFileReference; lastKnownFileType = file; path = database.sqlite; sourceTree = "<group>"; };
		C5253A6E19F2D26B0082D339 /* InitialLoadViewController.h */ = {isa = PBXFileReference; fileEncoding = 4; lastKnownFileType = sourcecode.c.h; path = InitialLoadViewController.h; sourceTree = "<group>"; };
		C5253A6F19F2D26B0082D339 /* InitialLoadViewController.m */ = {isa = PBXFileReference; fileEncoding = 4; lastKnownFileType = sourcecode.c.objc; path = InitialLoadViewController.m; sourceTree = "<group>"; };
		C574D0BB19F2BC3400134608 /* otw.app */ = {isa = PBXFileReference; explicitFileType = wrapper.application; includeInIndex = 0; path = otw.app; sourceTree = BUILT_PRODUCTS_DIR; };
		C574D0BF19F2BC3400134608 /* Info.plist */ = {isa = PBXFileReference; lastKnownFileType = text.plist.xml; path = Info.plist; sourceTree = "<group>"; };
		C574D0C019F2BC3400134608 /* main.m */ = {isa = PBXFileReference; lastKnownFileType = sourcecode.c.objc; path = main.m; sourceTree = "<group>"; };
		C574D0C219F2BC3400134608 /* AppDelegate.h */ = {isa = PBXFileReference; lastKnownFileType = sourcecode.c.h; path = AppDelegate.h; sourceTree = "<group>"; };
		C574D0C319F2BC3400134608 /* AppDelegate.m */ = {isa = PBXFileReference; lastKnownFileType = sourcecode.c.objc; path = AppDelegate.m; sourceTree = "<group>"; };
		C574D0C519F2BC3400134608 /* EnterInfoViewController.h */ = {isa = PBXFileReference; lastKnownFileType = sourcecode.c.h; path = EnterInfoViewController.h; sourceTree = "<group>"; };
		C574D0C619F2BC3400134608 /* EnterInfoViewController.m */ = {isa = PBXFileReference; lastKnownFileType = sourcecode.c.objc; path = EnterInfoViewController.m; sourceTree = "<group>"; };
		C574D0C919F2BC3400134608 /* Base */ = {isa = PBXFileReference; lastKnownFileType = file.storyboard; name = Base; path = Base.lproj/Main.storyboard; sourceTree = "<group>"; };
		C574D0CB19F2BC3400134608 /* Images.xcassets */ = {isa = PBXFileReference; lastKnownFileType = folder.assetcatalog; path = Images.xcassets; sourceTree = "<group>"; };
		C574D0CE19F2BC3400134608 /* Base */ = {isa = PBXFileReference; lastKnownFileType = file.xib; name = Base; path = Base.lproj/LaunchScreen.xib; sourceTree = "<group>"; };
		C574D0D419F2BC3400134608 /* otwTests.xctest */ = {isa = PBXFileReference; explicitFileType = wrapper.cfbundle; includeInIndex = 0; path = otwTests.xctest; sourceTree = BUILT_PRODUCTS_DIR; };
		C574D0D919F2BC3400134608 /* Info.plist */ = {isa = PBXFileReference; lastKnownFileType = text.plist.xml; path = Info.plist; sourceTree = "<group>"; };
		C574D0DA19F2BC3400134608 /* otwTests.m */ = {isa = PBXFileReference; lastKnownFileType = sourcecode.c.objc; path = otwTests.m; sourceTree = "<group>"; };
/* End PBXFileReference section */

/* Begin PBXFrameworksBuildPhase section */
		C574D0B819F2BC3400134608 /* Frameworks */ = {
			isa = PBXFrameworksBuildPhase;
			buildActionMask = 2147483647;
			files = (
				C5253A6B19F2CCFE0082D339 /* libsqlite3.dylib in Frameworks */,
			);
			runOnlyForDeploymentPostprocessing = 0;
		};
		C574D0D119F2BC3400134608 /* Frameworks */ = {
			isa = PBXFrameworksBuildPhase;
			buildActionMask = 2147483647;
			files = (
			);
			runOnlyForDeploymentPostprocessing = 0;
		};
/* End PBXFrameworksBuildPhase section */

/* Begin PBXGroup section */
		C574D0B219F2BC3400134608 = {
			isa = PBXGroup;
			children = (
				C5253A6A19F2CCFE0082D339 /* libsqlite3.dylib */,
				C574D0BD19F2BC3400134608 /* otw */,
				C574D0D719F2BC3400134608 /* otwTests */,
				C574D0BC19F2BC3400134608 /* Products */,
			);
			sourceTree = "<group>";
		};
		C574D0BC19F2BC3400134608 /* Products */ = {
			isa = PBXGroup;
			children = (
				C574D0BB19F2BC3400134608 /* otw.app */,
				C574D0D419F2BC3400134608 /* otwTests.xctest */,
			);
			name = Products;
			sourceTree = "<group>";
		};
		C574D0BD19F2BC3400134608 /* otw */ = {
			isa = PBXGroup;
			children = (
				C5253A6519F2BCCF0082D339 /* appGlobals.h */,
				C5253A6619F2BCCF0082D339 /* appGlobals.m */,
				C574D0C219F2BC3400134608 /* AppDelegate.h */,
				C574D0C319F2BC3400134608 /* AppDelegate.m */,
				C574D0C519F2BC3400134608 /* EnterInfoViewController.h */,
				C574D0C619F2BC3400134608 /* EnterInfoViewController.m */,
				C5253A6E19F2D26B0082D339 /* InitialLoadViewController.h */,
				C5253A6F19F2D26B0082D339 /* InitialLoadViewController.m */,
				C574D0C819F2BC3400134608 /* Main.storyboard */,
				C574D0CB19F2BC3400134608 /* Images.xcassets */,
				C574D0CD19F2BC3400134608 /* LaunchScreen.xib */,
				C574D0BE19F2BC3400134608 /* Supporting Files */,
			);
			path = otw;
			sourceTree = "<group>";
		};
		C574D0BE19F2BC3400134608 /* Supporting Files */ = {
			isa = PBXGroup;
			children = (
				C5253A6C19F2D1DF0082D339 /* database.sqlite */,
				C574D0BF19F2BC3400134608 /* Info.plist */,
				C574D0C019F2BC3400134608 /* main.m */,
			);
			name = "Supporting Files";
			sourceTree = "<group>";
		};
		C574D0D719F2BC3400134608 /* otwTests */ = {
			isa = PBXGroup;
			children = (
				C574D0DA19F2BC3400134608 /* otwTests.m */,
				C574D0D819F2BC3400134608 /* Supporting Files */,
			);
			path = otwTests;
			sourceTree = "<group>";
		};
		C574D0D819F2BC3400134608 /* Supporting Files */ = {
			isa = PBXGroup;
			children = (
				C574D0D919F2BC3400134608 /* Info.plist */,
			);
			name = "Supporting Files";
			sourceTree = "<group>";
		};
/* End PBXGroup section */

/* Begin PBXNativeTarget section */
		C574D0BA19F2BC3400134608 /* otw */ = {
			isa = PBXNativeTarget;
			buildConfigurationList = C574D0DE19F2BC3400134608 /* Build configuration list for PBXNativeTarget "otw" */;
			buildPhases = (
				C574D0B719F2BC3400134608 /* Sources */,
				C574D0B819F2BC3400134608 /* Frameworks */,
				C574D0B919F2BC3400134608 /* Resources */,
			);
			buildRules = (
			);
			dependencies = (
			);
			name = otw;
			productName = otw;
			productReference = C574D0BB19F2BC3400134608 /* otw.app */;
			productType = "com.apple.product-type.application";
		};
		C574D0D319F2BC3400134608 /* otwTests */ = {
			isa = PBXNativeTarget;
			buildConfigurationList = C574D0E119F2BC3400134608 /* Build configuration list for PBXNativeTarget "otwTests" */;
			buildPhases = (
				C574D0D019F2BC3400134608 /* Sources */,
				C574D0D119F2BC3400134608 /* Frameworks */,
				C574D0D219F2BC3400134608 /* Resources */,
			);
			buildRules = (
			);
			dependencies = (
				C574D0D619F2BC3400134608 /* PBXTargetDependency */,
			);
			name = otwTests;
			productName = otwTests;
			productReference = C574D0D419F2BC3400134608 /* otwTests.xctest */;
			productType = "com.apple.product-type.bundle.unit-test";
		};
/* End PBXNativeTarget section */

/* Begin PBXProject section */
		C574D0B319F2BC3400134608 /* Project object */ = {
			isa = PBXProject;
			attributes = {
				LastUpgradeCheck = 0600;
				ORGANIZATIONNAME = bobbywhite;
				TargetAttributes = {
					C574D0BA19F2BC3400134608 = {
						CreatedOnToolsVersion = 6.0.1;
					};
					C574D0D319F2BC3400134608 = {
						CreatedOnToolsVersion = 6.0.1;
						TestTargetID = C574D0BA19F2BC3400134608;
					};
				};
			};
			buildConfigurationList = C574D0B619F2BC3400134608 /* Build configuration list for PBXProject "otw" */;
			compatibilityVersion = "Xcode 3.2";
			developmentRegion = English;
			hasScannedForEncodings = 0;
			knownRegions = (
				en,
				Base,
			);
			mainGroup = C574D0B219F2BC3400134608;
			productRefGroup = C574D0BC19F2BC3400134608 /* Products */;
			projectDirPath = "";
			projectRoot = "";
			targets = (
				C574D0BA19F2BC3400134608 /* otw */,
				C574D0D319F2BC3400134608 /* otwTests */,
			);
		};
/* End PBXProject section */

/* Begin PBXResourcesBuildPhase section */
		C574D0B919F2BC3400134608 /* Resources */ = {
			isa = PBXResourcesBuildPhase;
			buildActionMask = 2147483647;
			files = (
				C5253A6D19F2D1DF0082D339 /* database.sqlite in Resources */,
				C574D0CA19F2BC3400134608 /* Main.storyboard in Resources */,
				C574D0CF19F2BC3400134608 /* LaunchScreen.xib in Resources */,
				C574D0CC19F2BC3400134608 /* Images.xcassets in Resources */,
			);
			runOnlyForDeploymentPostprocessing = 0;
		};
		C574D0D219F2BC3400134608 /* Resources */ = {
			isa = PBXResourcesBuildPhase;
			buildActionMask = 2147483647;
			files = (
			);
			runOnlyForDeploymentPostprocessing = 0;
		};
/* End PBXResourcesBuildPhase section */

/* Begin PBXSourcesBuildPhase section */
		C574D0B719F2BC3400134608 /* Sources */ = {
			isa = PBXSourcesBuildPhase;
			buildActionMask = 2147483647;
			files = (
				C5253A6719F2BCCF0082D339 /* appGlobals.m in Sources */,
				C5253A7019F2D26B0082D339 /* InitialLoadViewController.m in Sources */,
				C574D0C719F2BC3400134608 /* EnterInfoViewController.m in Sources */,
				C574D0C419F2BC3400134608 /* AppDelegate.m in Sources */,
				C574D0C119F2BC3400134608 /* main.m in Sources */,
			);
			runOnlyForDeploymentPostprocessing = 0;
		};
		C574D0D019F2BC3400134608 /* Sources */ = {
			isa = PBXSourcesBuildPhase;
			buildActionMask = 2147483647;
			files = (
				C574D0DB19F2BC3400134608 /* otwTests.m in Sources */,
			);
			runOnlyForDeploymentPostprocessing = 0;
		};
/* End PBXSourcesBuildPhase section */

/* Begin PBXTargetDependency section */
		C574D0D619F2BC3400134608 /* PBXTargetDependency */ = {
			isa = PBXTargetDependency;
			target = C574D0BA19F2BC3400134608 /* otw */;
			targetProxy = C574D0D519F2BC3400134608 /* PBXContainerItemProxy */;
		};
/* End PBXTargetDependency section */

/* Begin PBXVariantGroup section */
		C574D0C819F2BC3400134608 /* Main.storyboard */ = {
			isa = PBXVariantGroup;
			children = (
				C574D0C919F2BC3400134608 /* Base */,
			);
			name = Main.storyboard;
			sourceTree = "<group>";
		};
		C574D0CD19F2BC3400134608 /* LaunchScreen.xib */ = {
			isa = PBXVariantGroup;
			children = (
				C574D0CE19F2BC3400134608 /* Base */,
			);
			name = LaunchScreen.xib;
			sourceTree = "<group>";
		};
/* End PBXVariantGroup section */

/* Begin XCBuildConfiguration section */
		C574D0DC19F2BC3400134608 /* Debug */ = {
			isa = XCBuildConfiguration;
			buildSettings = {
				ALWAYS_SEARCH_USER_PATHS = NO;
				CLANG_CXX_LANGUAGE_STANDARD = "gnu++0x";
				CLANG_CXX_LIBRARY = "libc++";
				CLANG_ENABLE_MODULES = YES;
				CLANG_ENABLE_OBJC_ARC = YES;
				CLANG_WARN_BOOL_CONVERSION = YES;
				CLANG_WARN_CONSTANT_CONVERSION = YES;
				CLANG_WARN_DIRECT_OBJC_ISA_USAGE = YES_ERROR;
				CLANG_WARN_EMPTY_BODY = YES;
				CLANG_WARN_ENUM_CONVERSION = YES;
				CLANG_WARN_INT_CONVERSION = YES;
				CLANG_WARN_OBJC_ROOT_CLASS = YES_ERROR;
				CLANG_WARN_UNREACHABLE_CODE = YES;
				CLANG_WARN__DUPLICATE_METHOD_MATCH = YES;
				"CODE_SIGN_IDENTITY[sdk=iphoneos*]" = "iPhone Developer";
				COPY_PHASE_STRIP = NO;
				ENABLE_STRICT_OBJC_MSGSEND = YES;
				GCC_C_LANGUAGE_STANDARD = gnu99;
				GCC_DYNAMIC_NO_PIC = NO;
				GCC_OPTIMIZATION_LEVEL = 0;
				GCC_PREPROCESSOR_DEFINITIONS = (
					"DEBUG=1",
					"$(inherited)",
				);
				GCC_SYMBOLS_PRIVATE_EXTERN = NO;
				GCC_WARN_64_TO_32_BIT_CONVERSION = YES;
				GCC_WARN_ABOUT_RETURN_TYPE = YES_ERROR;
				GCC_WARN_UNDECLARED_SELECTOR = YES;
				GCC_WARN_UNINITIALIZED_AUTOS = YES_AGGRESSIVE;
				GCC_WARN_UNUSED_FUNCTION = YES;
				GCC_WARN_UNUSED_VARIABLE = YES;
				IPHONEOS_DEPLOYMENT_TARGET = 8.0;
				MTL_ENABLE_DEBUG_INFO = YES;
				ONLY_ACTIVE_ARCH = YES;
				SDKROOT = iphoneos;
			};
			name = Debug;
		};
		C574D0DD19F2BC3400134608 /* Release */ = {
			isa = XCBuildConfiguration;
			buildSettings = {
				ALWAYS_SEARCH_USER_PATHS = NO;
				CLANG_CXX_LANGUAGE_STANDARD = "gnu++0x";
				CLANG_CXX_LIBRARY = "libc++";
				CLANG_ENABLE_MODULES = YES;
				CLANG_ENABLE_OBJC_ARC = YES;
				CLANG_WARN_BOOL_CONVERSION = YES;
				CLANG_WARN_CONSTANT_CONVERSION = YES;
				CLANG_WARN_DIRECT_OBJC_ISA_USAGE = YES_ERROR;
				CLANG_WARN_EMPTY_BODY = YES;
				CLANG_WARN_ENUM_CONVERSION = YES;
				CLANG_WARN_INT_CONVERSION = YES;
				CLANG_WARN_OBJC_ROOT_CLASS = YES_ERROR;
				CLANG_WARN_UNREACHABLE_CODE = YES;
				CLANG_WARN__DUPLICATE_METHOD_MATCH = YES;
				"CODE_SIGN_IDENTITY[sdk=iphoneos*]" = "iPhone Developer";
				COPY_PHASE_STRIP = YES;
				ENABLE_NS_ASSERTIONS = NO;
				ENABLE_STRICT_OBJC_MSGSEND = YES;
				GCC_C_LANGUAGE_STANDARD = gnu99;
				GCC_WARN_64_TO_32_BIT_CONVERSION = YES;
				GCC_WARN_ABOUT_RETURN_TYPE = YES_ERROR;
				GCC_WARN_UNDECLARED_SELECTOR = YES;
				GCC_WARN_UNINITIALIZED_AUTOS = YES_AGGRESSIVE;
				GCC_WARN_UNUSED_FUNCTION = YES;
				GCC_WARN_UNUSED_VARIABLE = YES;
				IPHONEOS_DEPLOYMENT_TARGET = 8.0;
				MTL_ENABLE_DEBUG_INFO = NO;
				SDKROOT = iphoneos;
				VALIDATE_PRODUCT = YES;
			};
			name = Release;
		};
		C574D0DF19F2BC3400134608 /* Debug */ = {
			isa = XCBuildConfiguration;
			buildSettings = {
				ASSETCATALOG_COMPILER_APPICON_NAME = AppIcon;
				INFOPLIST_FILE = otw/Info.plist;
				IPHONEOS_DEPLOYMENT_TARGET = 8.0;
				LD_RUNPATH_SEARCH_PATHS = "$(inherited) @executable_path/Frameworks";
				PRODUCT_NAME = "$(TARGET_NAME)";
				TARGETED_DEVICE_FAMILY = 1;
			};
			name = Debug;
		};
		C574D0E019F2BC3400134608 /* Release */ = {
			isa = XCBuildConfiguration;
			buildSettings = {
				ASSETCATALOG_COMPILER_APPICON_NAME = AppIcon;
				INFOPLIST_FILE = otw/Info.plist;
				IPHONEOS_DEPLOYMENT_TARGET = 8.0;
				LD_RUNPATH_SEARCH_PATHS = "$(inherited) @executable_path/Frameworks";
				PRODUCT_NAME = "$(TARGET_NAME)";
				TARGETED_DEVICE_FAMILY = 1;
			};
			name = Release;
		};
		C574D0E219F2BC3400134608 /* Debug */ = {
			isa = XCBuildConfiguration;
			buildSettings = {
				BUNDLE_LOADER = "$(TEST_HOST)";
				FRAMEWORK_SEARCH_PATHS = (
					"$(SDKROOT)/Developer/Library/Frameworks",
					"$(inherited)",
				);
				GCC_PREPROCESSOR_DEFINITIONS = (
					"DEBUG=1",
					"$(inherited)",
				);
				INFOPLIST_FILE = otwTests/Info.plist;
				LD_RUNPATH_SEARCH_PATHS = "$(inherited) @executable_path/Frameworks @loader_path/Frameworks";
				PRODUCT_NAME = "$(TARGET_NAME)";
				TEST_HOST = "$(BUILT_PRODUCTS_DIR)/otw.app/otw";
			};
			name = Debug;
		};
		C574D0E319F2BC3400134608 /* Release */ = {
			isa = XCBuildConfiguration;
			buildSettings = {
				BUNDLE_LOADER = "$(TEST_HOST)";
				FRAMEWORK_SEARCH_PATHS = (
					"$(SDKROOT)/Developer/Library/Frameworks",
					"$(inherited)",
				);
				INFOPLIST_FILE = otwTests/Info.plist;
				LD_RUNPATH_SEARCH_PATHS = "$(inherited) @executable_path/Frameworks @loader_path/Frameworks";
				PRODUCT_NAME = "$(TARGET_NAME)";
				TEST_HOST = "$(BUILT_PRODUCTS_DIR)/otw.app/otw";
			};
			name = Release;
		};
/* End XCBuildConfiguration section */

/* Begin XCConfigurationList section */
		C574D0B619F2BC3400134608 /* Build configuration list for PBXProject "otw" */ = {
			isa = XCConfigurationList;
			buildConfigurations = (
				C574D0DC19F2BC3400134608 /* Debug */,
				C574D0DD19F2BC3400134608 /* Release */,
			);
			defaultConfigurationIsVisible = 0;
			defaultConfigurationName = Release;
		};
		C574D0DE19F2BC3400134608 /* Build configuration list for PBXNativeTarget "otw" */ = {
			isa = XCConfigurationList;
			buildConfigurations = (
				C574D0DF19F2BC3400134608 /* Debug */,
				C574D0E019F2BC3400134608 /* Release */,
			);
			defaultConfigurationIsVisible = 0;
			defaultConfigurationName = Release;
		};
		C574D0E119F2BC3400134608 /* Build configuration list for PBXNativeTarget "otwTests" */ = {
			isa = XCConfigurationList;
			buildConfigurations = (
				C574D0E219F2BC3400134608 /* Debug */,
				C574D0E319F2BC3400134608 /* Release */,
			);
			defaultConfigurationIsVisible = 0;
			defaultConfigurationName = Release;
		};
/* End XCConfigurationList section */
	};
	rootObject = C574D0B319F2BC3400134608 /* Project object */;
}
